
Microsoft Visual Studio Solution File, Format Version 12.00
# Visual Studio Version 16
VisualStudioVersion = 16.0.30320.27
MinimumVisualStudioVersion = 10.0.40219.1
Project("{FAE04EC0-301F-11D3-BF4B-00C04F79EFBC}") = "FactoryMethodExample", "FactoryMethodExample\FactoryMethodExample.csproj", "{79C7311E-600F-472C-AB53-144198F7237A}"
EndProject
Global
	GlobalSection(SolutionConfigurationPlatforms) = preSolution
		Debug|Any CPU = Debug|Any CPU
		Release|Any CPU = Release|Any CPU
	EndGlobalSection
	GlobalSection(ProjectConfigurationPlatforms) = postSolution
		{79C7311E-600F-472C-AB53-144198F7237A}.Debug|Any CPU.ActiveCfg = Debug|Any CPU
		{79C7311E-600F-472C-AB53-144198F7237A}.Debug|Any CPU.Build.0 = Debug|Any CPU
		{79C7311E-600F-472C-AB53-144198F7237A}.Release|Any CPU.ActiveCfg = Release|Any CPU
		{79C7311E-600F-472C-AB53-144198F7237A}.Release|Any CPU.Build.0 = Release|Any CPU
	EndGlobalSection
	GlobalSection(SolutionProperties) = preSolution
		HideSolutionNode = FALSE
	EndGlobalSection
	GlobalSection(ExtensibilityGlobals) = postSolution
		SolutionGuid = {DA3703CC-94F5-4589-8983-8D3FBF2694AA}
	EndGlobalSection
EndGlobal
